// !$*UTF8*$!
{
	archiveVersion = 1;
	classes = {
	};
	objectVersion = 56;
	objects = {

/* Begin PBXFileReference section */
		DB616B0328EF3C12002BFC0D /* installAndUpdate */ = {isa = PBXFileReference; lastKnownFileType = folder; path = installAndUpdate; sourceTree = "<group>"; };
		DB90A70F28F4545F00B9F16E /* README.md */ = {isa = PBXFileReference; lastKnownFileType = net.daringfireball.markdown; path = README.md; sourceTree = "<group>"; };
		DB90A71028F455D400B9F16E /* settings */ = {isa = PBXFileReference; lastKnownFileType = folder; path = settings; sourceTree = "<group>"; };
		DB9749F628EB15040062FBDE /* bin */ = {isa = PBXFileReference; lastKnownFileType = folder; path = bin; sourceTree = "<group>"; };
		DB9749F828EB15040062FBDE /* source */ = {isa = PBXFileReference; lastKnownFileType = folder; path = source; sourceTree = "<group>"; };
		DBEC109228EC92360077884A /* sql-schema */ = {isa = PBXFileReference; lastKnownFileType = folder; path = "sql-schema"; sourceTree = "<group>"; };
/* End PBXFileReference section */

/* Begin PBXGroup section */
		DB9749ED28EB13DE0062FBDE = {
			isa = PBXGroup;
			children = (
				DB90A71028F455D400B9F16E /* settings */,
				DB90A70F28F4545F00B9F16E /* README.md */,
				DB616B0328EF3C12002BFC0D /* installAndUpdate */,
				DBEC109228EC92360077884A /* sql-schema */,
				DB9749F628EB15040062FBDE /* bin */,
				DB9749F828EB15040062FBDE /* source */,
			);
			sourceTree = "<group>";
		};
/* End PBXGroup section */

/* Begin PBXProject section */
		DB9749EE28EB13DE0062FBDE /* Project object */ = {
			isa = PBXProject;
			attributes = {
				BuildIndependentTargetsInParallel = 1;
				LastUpgradeCheck = 1400;
			};
			buildConfigurationList = DB9749F128EB13DE0062FBDE /* Build configuration list for PBXProject "raspi-monitor" */;
			compatibilityVersion = "Xcode 14.0";
			developmentRegion = en;
			hasScannedForEncodings = 0;
			knownRegions = (
				en,
				Base,
			);
			mainGroup = DB9749ED28EB13DE0062FBDE;
			projectDirPath = "";
			projectRoot = "";
			targets = (
			);
		};
/* End PBXProject section */

/* Begin XCBuildConfiguration section */
		DB9749F228EB13DE0062FBDE /* Debug */ = {
			isa = XCBuildConfiguration;
			buildSettings = {
			};
			name = Debug;
		};
		DB9749F328EB13DE0062FBDE /* Release */ = {
			isa = XCBuildConfiguration;
			buildSettings = {
			};
			name = Release;
		};
/* End XCBuildConfiguration section */

/* Begin XCConfigurationList section */
		DB9749F128EB13DE0062FBDE /* Build configuration list for PBXProject "raspi-monitor" */ = {
			isa = XCConfigurationList;
			buildConfigurations = (
				DB9749F228EB13DE0062FBDE /* Debug */,
				DB9749F328EB13DE0062FBDE /* Release */,
			);
			defaultConfigurationIsVisible = 0;
			defaultConfigurationName = Release;
		};
/* End XCConfigurationList section */
	};
	rootObject = DB9749EE28EB13DE0062FBDE /* Project object */;
}
